// !$*UTF8*$!
{
	archiveVersion = 1;
	classes = {
	};
	objectVersion = 46;
	objects = {

/* Begin PBXBuildFile section */
		770967AF1BC5846500F3BAFA /* main.cpp in Sources */ = {isa = PBXBuildFile; fileRef = 770967AE1BC5846500F3BAFA /* main.cpp */; };
		778F2D531BC72945003D1D64 /* pathing.cpp in Sources */ = {isa = PBXBuildFile; fileRef = 778F2D511BC72945003D1D64 /* pathing.cpp */; };
		77F3EBB91BC7FB6B003B3E04 /* loaded_map.cpp in Sources */ = {isa = PBXBuildFile; fileRef = 77F3EBB71BC7FB6B003B3E04 /* loaded_map.cpp */; };
		77F3EBBF1BC84CD0003B3E04 /* pathing maps in CopyFiles */ = {isa = PBXBuildFile; fileRef = 77F3EBBC1BC84621003B3E04 /* pathing maps */; };
		AD4579561C0A534600FE1464 /* pathing2.cpp in Sources */ = {isa = PBXBuildFile; fileRef = AD4579541C0A534600FE1464 /* pathing2.cpp */; };
/* End PBXBuildFile section */

/* Begin PBXCopyFilesBuildPhase section */
		770967A91BC5846500F3BAFA /* CopyFiles */ = {
			isa = PBXCopyFilesBuildPhase;
			buildActionMask = 12;
			dstPath = "";
			dstSubfolderSpec = 16;
			files = (
				77F3EBBF1BC84CD0003B3E04 /* pathing maps in CopyFiles */,
			);
			runOnlyForDeploymentPostprocessing = 0;
		};
/* End PBXCopyFilesBuildPhase section */

/* Begin PBXFileReference section */
		770967AB1BC5846500F3BAFA /* paradox_problem */ = {isa = PBXFileReference; explicitFileType = "compiled.mach-o.executable"; includeInIndex = 0; path = paradox_problem; sourceTree = BUILT_PRODUCTS_DIR; };
		770967AE1BC5846500F3BAFA /* main.cpp */ = {isa = PBXFileReference; lastKnownFileType = sourcecode.cpp.cpp; path = main.cpp; sourceTree = "<group>"; };
		778F2D501BC727E6003D1D64 /* notes.txt */ = {isa = PBXFileReference; fileEncoding = 4; lastKnownFileType = text; path = notes.txt; sourceTree = "<group>"; };
		778F2D511BC72945003D1D64 /* pathing.cpp */ = {isa = PBXFileReference; fileEncoding = 4; lastKnownFileType = sourcecode.cpp.cpp; path = pathing.cpp; sourceTree = "<group>"; };
		778F2D521BC72945003D1D64 /* pathing.h */ = {isa = PBXFileReference; fileEncoding = 4; lastKnownFileType = sourcecode.c.h; path = pathing.h; sourceTree = "<group>"; };
		77F3EBB71BC7FB6B003B3E04 /* loaded_map.cpp */ = {isa = PBXFileReference; fileEncoding = 4; lastKnownFileType = sourcecode.cpp.cpp; path = loaded_map.cpp; sourceTree = "<group>"; };
		77F3EBB81BC7FB6B003B3E04 /* loaded_map.h */ = {isa = PBXFileReference; fileEncoding = 4; lastKnownFileType = sourcecode.c.h; path = loaded_map.h; sourceTree = "<group>"; };
		77F3EBBB1BC84012003B3E04 /* .gitignore */ = {isa = PBXFileReference; fileEncoding = 4; lastKnownFileType = text; path = .gitignore; sourceTree = "<group>"; };
		77F3EBBC1BC84621003B3E04 /* pathing maps */ = {isa = PBXFileReference; lastKnownFileType = folder; path = "pathing maps"; sourceTree = "<group>"; };
		AD4579541C0A534600FE1464 /* pathing2.cpp */ = {isa = PBXFileReference; fileEncoding = 4; lastKnownFileType = sourcecode.cpp.cpp; path = pathing2.cpp; sourceTree = "<group>"; };
		AD4579551C0A534600FE1464 /* pathing2.h */ = {isa = PBXFileReference; fileEncoding = 4; lastKnownFileType = sourcecode.c.h; path = pathing2.h; sourceTree = "<group>"; };
/* End PBXFileReference section */

/* Begin PBXFrameworksBuildPhase section */
		770967A81BC5846500F3BAFA /* Frameworks */ = {
			isa = PBXFrameworksBuildPhase;
			buildActionMask = 2147483647;
			files = (
			);
			runOnlyForDeploymentPostprocessing = 0;
		};
/* End PBXFrameworksBuildPhase section */

/* Begin PBXGroup section */
		770967A21BC5846500F3BAFA = {
			isa = PBXGroup;
			children = (
				770967AD1BC5846500F3BAFA /* paradox_problem */,
				770967AC1BC5846500F3BAFA /* Products */,
				77F3EBBB1BC84012003B3E04 /* .gitignore */,
				77F3EBBC1BC84621003B3E04 /* pathing maps */,
			);
			sourceTree = "<group>";
		};
		770967AC1BC5846500F3BAFA /* Products */ = {
			isa = PBXGroup;
			children = (
				770967AB1BC5846500F3BAFA /* paradox_problem */,
			);
			name = Products;
			sourceTree = "<group>";
		};
		770967AD1BC5846500F3BAFA /* paradox_problem */ = {
			isa = PBXGroup;
			children = (
				AD4579541C0A534600FE1464 /* pathing2.cpp */,
				AD4579551C0A534600FE1464 /* pathing2.h */,
				778F2D511BC72945003D1D64 /* pathing.cpp */,
				778F2D521BC72945003D1D64 /* pathing.h */,
				77F3EBB71BC7FB6B003B3E04 /* loaded_map.cpp */,
				77F3EBB81BC7FB6B003B3E04 /* loaded_map.h */,
				770967AE1BC5846500F3BAFA /* main.cpp */,
				778F2D501BC727E6003D1D64 /* notes.txt */,
			);
			path = paradox_problem;
			sourceTree = "<group>";
		};
/* End PBXGroup section */

/* Begin PBXNativeTarget section */
		770967AA1BC5846500F3BAFA /* paradox_problem */ = {
			isa = PBXNativeTarget;
			buildConfigurationList = 770967B21BC5846500F3BAFA /* Build configuration list for PBXNativeTarget "paradox_problem" */;
			buildPhases = (
				770967A71BC5846500F3BAFA /* Sources */,
				770967A81BC5846500F3BAFA /* Frameworks */,
				770967A91BC5846500F3BAFA /* CopyFiles */,
			);
			buildRules = (
			);
			dependencies = (
			);
			name = paradox_problem;
			productName = paradox_problem;
			productReference = 770967AB1BC5846500F3BAFA /* paradox_problem */;
			productType = "com.apple.product-type.tool";
		};
/* End PBXNativeTarget section */

/* Begin PBXProject section */
		770967A31BC5846500F3BAFA /* Project object */ = {
			isa = PBXProject;
			attributes = {
				LastUpgradeCheck = 0700;
				ORGANIZATIONNAME = Inhance;
				TargetAttributes = {
					770967AA1BC5846500F3BAFA = {
						CreatedOnToolsVersion = 6.4;
					};
				};
			};
			buildConfigurationList = 770967A61BC5846500F3BAFA /* Build configuration list for PBXProject "paradox_problem" */;
			compatibilityVersion = "Xcode 3.2";
			developmentRegion = English;
			hasScannedForEncodings = 0;
			knownRegions = (
				en,
			);
			mainGroup = 770967A21BC5846500F3BAFA;
			productRefGroup = 770967AC1BC5846500F3BAFA /* Products */;
			projectDirPath = "";
			projectRoot = "";
			targets = (
				770967AA1BC5846500F3BAFA /* paradox_problem */,
			);
		};
/* End PBXProject section */

/* Begin PBXSourcesBuildPhase section */
		770967A71BC5846500F3BAFA /* Sources */ = {
			isa = PBXSourcesBuildPhase;
			buildActionMask = 2147483647;
			files = (
				770967AF1BC5846500F3BAFA /* main.cpp in Sources */,
				77F3EBB91BC7FB6B003B3E04 /* loaded_map.cpp in Sources */,
				AD4579561C0A534600FE1464 /* pathing2.cpp in Sources */,
				778F2D531BC72945003D1D64 /* pathing.cpp in Sources */,
			);
			runOnlyForDeploymentPostprocessing = 0;
		};
/* End PBXSourcesBuildPhase section */

/* Begin XCBuildConfiguration section */
		770967B01BC5846500F3BAFA /* Debug */ = {
			isa = XCBuildConfiguration;
			buildSettings = {
				ALWAYS_SEARCH_USER_PATHS = NO;
				CLANG_CXX_LANGUAGE_STANDARD = "gnu++0x";
				CLANG_CXX_LIBRARY = "libc++";
				CLANG_ENABLE_MODULES = YES;
				CLANG_ENABLE_OBJC_ARC = YES;
				CLANG_WARN_BOOL_CONVERSION = YES;
				CLANG_WARN_CONSTANT_CONVERSION = YES;
				CLANG_WARN_DIRECT_OBJC_ISA_USAGE = YES_ERROR;
				CLANG_WARN_EMPTY_BODY = YES;
				CLANG_WARN_ENUM_CONVERSION = YES;
				CLANG_WARN_INT_CONVERSION = YES;
				CLANG_WARN_OBJC_ROOT_CLASS = YES_ERROR;
				CLANG_WARN_UNREACHABLE_CODE = YES;
				CLANG_WARN__DUPLICATE_METHOD_MATCH = YES;
				COPY_PHASE_STRIP = NO;
				DEBUG_INFORMATION_FORMAT = dwarf;
				ENABLE_STRICT_OBJC_MSGSEND = YES;
				ENABLE_TESTABILITY = YES;
				GCC_C_LANGUAGE_STANDARD = gnu99;
				GCC_DYNAMIC_NO_PIC = NO;
				GCC_NO_COMMON_BLOCKS = YES;
				GCC_OPTIMIZATION_LEVEL = 0;
				GCC_PREPROCESSOR_DEFINITIONS = (
					"DEBUG=1",
					"$(inherited)",
				);
				GCC_SYMBOLS_PRIVATE_EXTERN = NO;
				GCC_WARN_64_TO_32_BIT_CONVERSION = YES;
				GCC_WARN_ABOUT_RETURN_TYPE = YES_ERROR;
				GCC_WARN_UNDECLARED_SELECTOR = YES;
				GCC_WARN_UNINITIALIZED_AUTOS = YES_AGGRESSIVE;
				GCC_WARN_UNUSED_FUNCTION = YES;
				GCC_WARN_UNUSED_VARIABLE = YES;
				MACOSX_DEPLOYMENT_TARGET = 10.10;
				MTL_ENABLE_DEBUG_INFO = YES;
				ONLY_ACTIVE_ARCH = YES;
				SDKROOT = macosx;
			};
			name = Debug;
		};
		770967B11BC5846500F3BAFA /* Release */ = {
			isa = XCBuildConfiguration;
			buildSettings = {
				ALWAYS_SEARCH_USER_PATHS = NO;
				CLANG_CXX_LANGUAGE_STANDARD = "gnu++0x";
				CLANG_CXX_LIBRARY = "libc++";
				CLANG_ENABLE_MODULES = YES;
				CLANG_ENABLE_OBJC_ARC = YES;
				CLANG_WARN_BOOL_CONVERSION = YES;
				CLANG_WARN_CONSTANT_CONVERSION = YES;
				CLANG_WARN_DIRECT_OBJC_ISA_USAGE = YES_ERROR;
				CLANG_WARN_EMPTY_BODY = YES;
				CLANG_WARN_ENUM_CONVERSION = YES;
				CLANG_WARN_INT_CONVERSION = YES;
				CLANG_WARN_OBJC_ROOT_CLASS = YES_ERROR;
				CLANG_WARN_UNREACHABLE_CODE = YES;
				CLANG_WARN__DUPLICATE_METHOD_MATCH = YES;
				COPY_PHASE_STRIP = NO;
				DEBUG_INFORMATION_FORMAT = "dwarf-with-dsym";
				ENABLE_NS_ASSERTIONS = NO;
				ENABLE_STRICT_OBJC_MSGSEND = YES;
				GCC_C_LANGUAGE_STANDARD = gnu99;
				GCC_NO_COMMON_BLOCKS = YES;
				GCC_WARN_64_TO_32_BIT_CONVERSION = YES;
				GCC_WARN_ABOUT_RETURN_TYPE = YES_ERROR;
				GCC_WARN_UNDECLARED_SELECTOR = YES;
				GCC_WARN_UNINITIALIZED_AUTOS = YES_AGGRESSIVE;
				GCC_WARN_UNUSED_FUNCTION = YES;
				GCC_WARN_UNUSED_VARIABLE = YES;
				MACOSX_DEPLOYMENT_TARGET = 10.10;
				MTL_ENABLE_DEBUG_INFO = NO;
				SDKROOT = macosx;
			};
			name = Release;
		};
		770967B31BC5846500F3BAFA /* Debug */ = {
			isa = XCBuildConfiguration;
			buildSettings = {
				PRODUCT_NAME = "$(TARGET_NAME)";
				SYMROOT = build;
			};
			name = Debug;
		};
		770967B41BC5846500F3BAFA /* Release */ = {
			isa = XCBuildConfiguration;
			buildSettings = {
				PRODUCT_NAME = "$(TARGET_NAME)";
			};
			name = Release;
		};
/* End XCBuildConfiguration section */

/* Begin XCConfigurationList section */
		770967A61BC5846500F3BAFA /* Build configuration list for PBXProject "paradox_problem" */ = {
			isa = XCConfigurationList;
			buildConfigurations = (
				770967B01BC5846500F3BAFA /* Debug */,
				770967B11BC5846500F3BAFA /* Release */,
			);
			defaultConfigurationIsVisible = 0;
			defaultConfigurationName = Release;
		};
		770967B21BC5846500F3BAFA /* Build configuration list for PBXNativeTarget "paradox_problem" */ = {
			isa = XCConfigurationList;
			buildConfigurations = (
				770967B31BC5846500F3BAFA /* Debug */,
				770967B41BC5846500F3BAFA /* Release */,
			);
			defaultConfigurationIsVisible = 0;
			defaultConfigurationName = Release;
		};
/* End XCConfigurationList section */
	};
	rootObject = 770967A31BC5846500F3BAFA /* Project object */;
}
